
Microsoft Visual Studio Solution File, Format Version 12.00
# Visual Studio Version 17
VisualStudioVersion = 17.1.32210.238
MinimumVisualStudioVersion = 10.0.40219.1
Project("{FAE04EC0-301F-11D3-BF4B-00C04F79EFBC}") = "CabReservation", "CabReservation\CabReservation.csproj", "{043EFF55-03FC-41C5-BC58-E1E36F45A2A3}"
EndProject
Project("{FAE04EC0-301F-11D3-BF4B-00C04F79EFBC}") = "CabReservationTest", "CabReservationTest\CabReservationTest.csproj", "{BA7F174D-A984-433D-B4E9-5C36759708BC}"
EndProject
Global
	GlobalSection(SolutionConfigurationPlatforms) = preSolution
		Debug|Any CPU = Debug|Any CPU
		Release|Any CPU = Release|Any CPU
	EndGlobalSection
	GlobalSection(ProjectConfigurationPlatforms) = postSolution
		{043EFF55-03FC-41C5-BC58-E1E36F45A2A3}.Debug|Any CPU.ActiveCfg = Debug|Any CPU
		{043EFF55-03FC-41C5-BC58-E1E36F45A2A3}.Debug|Any CPU.Build.0 = Debug|Any CPU
		{043EFF55-03FC-41C5-BC58-E1E36F45A2A3}.Release|Any CPU.ActiveCfg = Release|Any CPU
		{043EFF55-03FC-41C5-BC58-E1E36F45A2A3}.Release|Any CPU.Build.0 = Release|Any CPU
		{BA7F174D-A984-433D-B4E9-5C36759708BC}.Debug|Any CPU.ActiveCfg = Debug|Any CPU
		{BA7F174D-A984-433D-B4E9-5C36759708BC}.Debug|Any CPU.Build.0 = Debug|Any CPU
		{BA7F174D-A984-433D-B4E9-5C36759708BC}.Release|Any CPU.ActiveCfg = Release|Any CPU
		{BA7F174D-A984-433D-B4E9-5C36759708BC}.Release|Any CPU.Build.0 = Release|Any CPU
	EndGlobalSection
	GlobalSection(SolutionProperties) = preSolution
		HideSolutionNode = FALSE
	EndGlobalSection
	GlobalSection(ExtensibilityGlobals) = postSolution
		SolutionGuid = {0BC41DC4-8A8E-463E-A091-B5968593AC41}
	EndGlobalSection
EndGlobal
